
Microsoft Visual Studio Solution File, Format Version 12.00
# Visual Studio Version 17
VisualStudioVersion = 17.5.002.0
MinimumVisualStudioVersion = 10.0.40219.1
Project("{2150E333-8FDC-42A3-9474-1A3956D46DE8}") = "csharp-prep", "csharp-prep", "{1085F46E-FE7F-4276-B848-5399275256E8}"
EndProject
Project("{9A19103F-16F7-4668-BE54-9A1E7A4F7556}") = "Prep1", "csharp-prep\Prep1\Prep1.csproj", "{36718C7A-23AC-40FE-A804-BF9749591CD3}"
EndProject
Project("{9A19103F-16F7-4668-BE54-9A1E7A4F7556}") = "Prep2", "csharp-prep\Prep2\Prep2.csproj", "{2AE724E3-F2F5-45FD-9B47-54E9572204A1}"
EndProject
Project("{9A19103F-16F7-4668-BE54-9A1E7A4F7556}") = "Prep3", "csharp-prep\Prep3\Prep3.csproj", "{2AE9645A-9747-4044-9A5B-A62861C910BD}"
EndProject
Project("{9A19103F-16F7-4668-BE54-9A1E7A4F7556}") = "Prep4", "csharp-prep\Prep4\Prep4.csproj", "{8DA82C99-E61A-41CF-9E34-9EDF8151E845}"
EndProject
Project("{9A19103F-16F7-4668-BE54-9A1E7A4F7556}") = "Prep5", "csharp-prep\Prep5\Prep5.csproj", "{9A996176-5D8C-4FB8-9E8A-673D4E814B18}"
EndProject
Project("{2150E333-8FDC-42A3-9474-1A3956D46DE8}") = "final", "final", "{CC9419FB-CC4E-4E8B-A9A6-B234A5DA7C4C}"
EndProject
Project("{9A19103F-16F7-4668-BE54-9A1E7A4F7556}") = "FinalProject", "final\FinalProject\FinalProject.csproj", "{B37B80CD-5436-4610-A0A6-0B2F29970C15}"
EndProject
Project("{9A19103F-16F7-4668-BE54-9A1E7A4F7556}") = "Foundation1", "final\Foundation1\Foundation1.csproj", "{9F52301F-6A84-498C-853E-53240F787493}"
EndProject
Project("{9A19103F-16F7-4668-BE54-9A1E7A4F7556}") = "Foundation2", "final\Foundation2\Foundation2.csproj", "{ACB10A11-C529-40D6-B42E-EA70B304AAEB}"
EndProject
Project("{9A19103F-16F7-4668-BE54-9A1E7A4F7556}") = "Foundation3", "final\Foundation3\Foundation3.csproj", "{F9701C77-4BE9-4889-8F7F-3B42D065C1D6}"
EndProject
Project("{9A19103F-16F7-4668-BE54-9A1E7A4F7556}") = "Foundation4", "final\Foundation4\Foundation4.csproj", "{39337130-47CA-4A35-A716-41FEEB3742CC}"
EndProject
Project("{2150E333-8FDC-42A3-9474-1A3956D46DE8}") = "prepare", "prepare", "{FB2FBE5A-DD37-4B6B-A7D8-75D5E187EC65}"
EndProject
Project("{9A19103F-16F7-4668-BE54-9A1E7A4F7556}") = "Learning02", "prepare\Learning02\Learning02.csproj", "{46826943-F7AE-47B8-9B85-167D60CB925F}"
EndProject
Project("{9A19103F-16F7-4668-BE54-9A1E7A4F7556}") = "Learning03", "prepare\Learning03\Learning03.csproj", "{21F967FA-19AF-42A6-8E34-30D78C6587E7}"
EndProject
Project("{9A19103F-16F7-4668-BE54-9A1E7A4F7556}") = "Learning04", "prepare\Learning04\Learning04.csproj", "{37F7CA83-DC82-4D6B-800D-CDCF4C6D6C41}"
EndProject
Project("{9A19103F-16F7-4668-BE54-9A1E7A4F7556}") = "Learning05", "prepare\Learning05\Learning05.csproj", "{F4FBE14E-E66B-4033-8CE3-C3D1355D45C9}"
EndProject
Project("{2150E333-8FDC-42A3-9474-1A3956D46DE8}") = "prove", "prove", "{6C62405A-8DE9-4A45-968C-5E3D0FB49255}"
EndProject
Project("{9A19103F-16F7-4668-BE54-9A1E7A4F7556}") = "Develop02", "prove\Develop02\Develop02.csproj", "{905D74B7-96CA-4055-BCF9-B44D5785CD6C}"
EndProject
Project("{9A19103F-16F7-4668-BE54-9A1E7A4F7556}") = "Develop03", "prove\Develop03\Develop03.csproj", "{9AA103E7-311E-45A2-8409-BF034FEC4D4D}"
EndProject
Project("{9A19103F-16F7-4668-BE54-9A1E7A4F7556}") = "Develop04", "prove\Develop04\Develop04.csproj", "{1A2F1B69-A130-4024-9E71-1A5FCA7F557A}"
EndProject
Project("{9A19103F-16F7-4668-BE54-9A1E7A4F7556}") = "Develop05", "prove\Develop05\Develop05.csproj", "{91EE1766-38C9-4471-B40A-92F5736752BB}"
EndProject
Project("{2150E333-8FDC-42A3-9474-1A3956D46DE8}") = "sandbox", "sandbox", "{37DCE4F4-0BE6-469A-8E93-DA1A539F7599}"
EndProject
Project("{9A19103F-16F7-4668-BE54-9A1E7A4F7556}") = "Sandbox", "sandbox\Sandbox\Sandbox.csproj", "{5097C8ED-5E39-41E9-A027-BCD65F4C20C0}"
EndProject
Global
	GlobalSection(SolutionConfigurationPlatforms) = preSolution
		Debug|Any CPU = Debug|Any CPU
		Release|Any CPU = Release|Any CPU
	EndGlobalSection
	GlobalSection(ProjectConfigurationPlatforms) = postSolution
		{36718C7A-23AC-40FE-A804-BF9749591CD3}.Debug|Any CPU.ActiveCfg = Debug|Any CPU
		{36718C7A-23AC-40FE-A804-BF9749591CD3}.Debug|Any CPU.Build.0 = Debug|Any CPU
		{36718C7A-23AC-40FE-A804-BF9749591CD3}.Release|Any CPU.ActiveCfg = Release|Any CPU
		{36718C7A-23AC-40FE-A804-BF9749591CD3}.Release|Any CPU.Build.0 = Release|Any CPU
		{2AE724E3-F2F5-45FD-9B47-54E9572204A1}.Debug|Any CPU.ActiveCfg = Debug|Any CPU
		{2AE724E3-F2F5-45FD-9B47-54E9572204A1}.Debug|Any CPU.Build.0 = Debug|Any CPU
		{2AE724E3-F2F5-45FD-9B47-54E9572204A1}.Release|Any CPU.ActiveCfg = Release|Any CPU
		{2AE724E3-F2F5-45FD-9B47-54E9572204A1}.Release|Any CPU.Build.0 = Release|Any CPU
		{2AE9645A-9747-4044-9A5B-A62861C910BD}.Debug|Any CPU.ActiveCfg = Debug|Any CPU
		{2AE9645A-9747-4044-9A5B-A62861C910BD}.Debug|Any CPU.Build.0 = Debug|Any CPU
		{2AE9645A-9747-4044-9A5B-A62861C910BD}.Release|Any CPU.ActiveCfg = Release|Any CPU
		{2AE9645A-9747-4044-9A5B-A62861C910BD}.Release|Any CPU.Build.0 = Release|Any CPU
		{8DA82C99-E61A-41CF-9E34-9EDF8151E845}.Debug|Any CPU.ActiveCfg = Debug|Any CPU
		{8DA82C99-E61A-41CF-9E34-9EDF8151E845}.Debug|Any CPU.Build.0 = Debug|Any CPU
		{8DA82C99-E61A-41CF-9E34-9EDF8151E845}.Release|Any CPU.ActiveCfg = Release|Any CPU
		{8DA82C99-E61A-41CF-9E34-9EDF8151E845}.Release|Any CPU.Build.0 = Release|Any CPU
		{9A996176-5D8C-4FB8-9E8A-673D4E814B18}.Debug|Any CPU.ActiveCfg = Debug|Any CPU
		{9A996176-5D8C-4FB8-9E8A-673D4E814B18}.Debug|Any CPU.Build.0 = Debug|Any CPU
		{9A996176-5D8C-4FB8-9E8A-673D4E814B18}.Release|Any CPU.ActiveCfg = Release|Any CPU
		{9A996176-5D8C-4FB8-9E8A-673D4E814B18}.Release|Any CPU.Build.0 = Release|Any CPU
		{B37B80CD-5436-4610-A0A6-0B2F29970C15}.Debug|Any CPU.ActiveCfg = Debug|Any CPU
		{B37B80CD-5436-4610-A0A6-0B2F29970C15}.Debug|Any CPU.Build.0 = Debug|Any CPU
		{B37B80CD-5436-4610-A0A6-0B2F29970C15}.Release|Any CPU.ActiveCfg = Release|Any CPU
		{B37B80CD-5436-4610-A0A6-0B2F29970C15}.Release|Any CPU.Build.0 = Release|Any CPU
		{9F52301F-6A84-498C-853E-53240F787493}.Debug|Any CPU.ActiveCfg = Debug|Any CPU
		{9F52301F-6A84-498C-853E-53240F787493}.Debug|Any CPU.Build.0 = Debug|Any CPU
		{9F52301F-6A84-498C-853E-53240F787493}.Release|Any CPU.ActiveCfg = Release|Any CPU
		{9F52301F-6A84-498C-853E-53240F787493}.Release|Any CPU.Build.0 = Release|Any CPU
		{ACB10A11-C529-40D6-B42E-EA70B304AAEB}.Debug|Any CPU.ActiveCfg = Debug|Any CPU
		{ACB10A11-C529-40D6-B42E-EA70B304AAEB}.Debug|Any CPU.Build.0 = Debug|Any CPU
		{ACB10A11-C529-40D6-B42E-EA70B304AAEB}.Release|Any CPU.ActiveCfg = Release|Any CPU
		{ACB10A11-C529-40D6-B42E-EA70B304AAEB}.Release|Any CPU.Build.0 = Release|Any CPU
		{F9701C77-4BE9-4889-8F7F-3B42D065C1D6}.Debug|Any CPU.ActiveCfg = Debug|Any CPU
		{F9701C77-4BE9-4889-8F7F-3B42D065C1D6}.Debug|Any CPU.Build.0 = Debug|Any CPU
		{F9701C77-4BE9-4889-8F7F-3B42D065C1D6}.Release|Any CPU.ActiveCfg = Release|Any CPU
		{F9701C77-4BE9-4889-8F7F-3B42D065C1D6}.Release|Any CPU.Build.0 = Release|Any CPU
		{39337130-47CA-4A35-A716-41FEEB3742CC}.Debug|Any CPU.ActiveCfg = Debug|Any CPU
		{39337130-47CA-4A35-A716-41FEEB3742CC}.Debug|Any CPU.Build.0 = Debug|Any CPU
		{39337130-47CA-4A35-A716-41FEEB3742CC}.Release|Any CPU.ActiveCfg = Release|Any CPU
		{39337130-47CA-4A35-A716-41FEEB3742CC}.Release|Any CPU.Build.0 = Release|Any CPU
		{46826943-F7AE-47B8-9B85-167D60CB925F}.Debug|Any CPU.ActiveCfg = Debug|Any CPU
		{46826943-F7AE-47B8-9B85-167D60CB925F}.Debug|Any CPU.Build.0 = Debug|Any CPU
		{46826943-F7AE-47B8-9B85-167D60CB925F}.Release|Any CPU.ActiveCfg = Release|Any CPU
		{46826943-F7AE-47B8-9B85-167D60CB925F}.Release|Any CPU.Build.0 = Release|Any CPU
		{21F967FA-19AF-42A6-8E34-30D78C6587E7}.Debug|Any CPU.ActiveCfg = Debug|Any CPU
		{21F967FA-19AF-42A6-8E34-30D78C6587E7}.Debug|Any CPU.Build.0 = Debug|Any CPU
		{21F967FA-19AF-42A6-8E34-30D78C6587E7}.Release|Any CPU.ActiveCfg = Release|Any CPU
		{21F967FA-19AF-42A6-8E34-30D78C6587E7}.Release|Any CPU.Build.0 = Release|Any CPU
		{37F7CA83-DC82-4D6B-800D-CDCF4C6D6C41}.Debug|Any CPU.ActiveCfg = Debug|Any CPU
		{37F7CA83-DC82-4D6B-800D-CDCF4C6D6C41}.Debug|Any CPU.Build.0 = Debug|Any CPU
		{37F7CA83-DC82-4D6B-800D-CDCF4C6D6C41}.Release|Any CPU.ActiveCfg = Release|Any CPU
		{37F7CA83-DC82-4D6B-800D-CDCF4C6D6C41}.Release|Any CPU.Build.0 = Release|Any CPU
		{F4FBE14E-E66B-4033-8CE3-C3D1355D45C9}.Debug|Any CPU.ActiveCfg = Debug|Any CPU
		{F4FBE14E-E66B-4033-8CE3-C3D1355D45C9}.Debug|Any CPU.Build.0 = Debug|Any CPU
		{F4FBE14E-E66B-4033-8CE3-C3D1355D45C9}.Release|Any CPU.ActiveCfg = Release|Any CPU
		{F4FBE14E-E66B-4033-8CE3-C3D1355D45C9}.Release|Any CPU.Build.0 = Release|Any CPU
		{905D74B7-96CA-4055-BCF9-B44D5785CD6C}.Debug|Any CPU.ActiveCfg = Debug|Any CPU
		{905D74B7-96CA-4055-BCF9-B44D5785CD6C}.Debug|Any CPU.Build.0 = Debug|Any CPU
		{905D74B7-96CA-4055-BCF9-B44D5785CD6C}.Release|Any CPU.ActiveCfg = Release|Any CPU
		{905D74B7-96CA-4055-BCF9-B44D5785CD6C}.Release|Any CPU.Build.0 = Release|Any CPU
		{9AA103E7-311E-45A2-8409-BF034FEC4D4D}.Debug|Any CPU.ActiveCfg = Debug|Any CPU
		{9AA103E7-311E-45A2-8409-BF034FEC4D4D}.Debug|Any CPU.Build.0 = Debug|Any CPU
		{9AA103E7-311E-45A2-8409-BF034FEC4D4D}.Release|Any CPU.ActiveCfg = Release|Any CPU
		{9AA103E7-311E-45A2-8409-BF034FEC4D4D}.Release|Any CPU.Build.0 = Release|Any CPU
		{1A2F1B69-A130-4024-9E71-1A5FCA7F557A}.Debug|Any CPU.ActiveCfg = Debug|Any CPU
		{1A2F1B69-A130-4024-9E71-1A5FCA7F557A}.Debug|Any CPU.Build.0 = Debug|Any CPU
		{1A2F1B69-A130-4024-9E71-1A5FCA7F557A}.Release|Any CPU.ActiveCfg = Release|Any CPU
		{1A2F1B69-A130-4024-9E71-1A5FCA7F557A}.Release|Any CPU.Build.0 = Release|Any CPU
		{91EE1766-38C9-4471-B40A-92F5736752BB}.Debug|Any CPU.ActiveCfg = Debug|Any CPU
		{91EE1766-38C9-4471-B40A-92F5736752BB}.Debug|Any CPU.Build.0 = Debug|Any CPU
		{91EE1766-38C9-4471-B40A-92F5736752BB}.Release|Any CPU.ActiveCfg = Release|Any CPU
		{91EE1766-38C9-4471-B40A-92F5736752BB}.Release|Any CPU.Build.0 = Release|Any CPU
		{5097C8ED-5E39-41E9-A027-BCD65F4C20C0}.Debug|Any CPU.ActiveCfg = Debug|Any CPU
		{5097C8ED-5E39-41E9-A027-BCD65F4C20C0}.Debug|Any CPU.Build.0 = Debug|Any CPU
		{5097C8ED-5E39-41E9-A027-BCD65F4C20C0}.Release|Any CPU.ActiveCfg = Release|Any CPU
		{5097C8ED-5E39-41E9-A027-BCD65F4C20C0}.Release|Any CPU.Build.0 = Release|Any CPU
	EndGlobalSection
	GlobalSection(SolutionProperties) = preSolution
		HideSolutionNode = FALSE
	EndGlobalSection
	GlobalSection(NestedProjects) = preSolution
		{36718C7A-23AC-40FE-A804-BF9749591CD3} = {1085F46E-FE7F-4276-B848-5399275256E8}
		{2AE724E3-F2F5-45FD-9B47-54E9572204A1} = {1085F46E-FE7F-4276-B848-5399275256E8}
		{2AE9645A-9747-4044-9A5B-A62861C910BD} = {1085F46E-FE7F-4276-B848-5399275256E8}
		{8DA82C99-E61A-41CF-9E34-9EDF8151E845} = {1085F46E-FE7F-4276-B848-5399275256E8}
		{9A996176-5D8C-4FB8-9E8A-673D4E814B18} = {1085F46E-FE7F-4276-B848-5399275256E8}
		{B37B80CD-5436-4610-A0A6-0B2F29970C15} = {CC9419FB-CC4E-4E8B-A9A6-B234A5DA7C4C}
		{9F52301F-6A84-498C-853E-53240F787493} = {CC9419FB-CC4E-4E8B-A9A6-B234A5DA7C4C}
		{ACB10A11-C529-40D6-B42E-EA70B304AAEB} = {CC9419FB-CC4E-4E8B-A9A6-B234A5DA7C4C}
		{F9701C77-4BE9-4889-8F7F-3B42D065C1D6} = {CC9419FB-CC4E-4E8B-A9A6-B234A5DA7C4C}
		{39337130-47CA-4A35-A716-41FEEB3742CC} = {CC9419FB-CC4E-4E8B-A9A6-B234A5DA7C4C}
		{46826943-F7AE-47B8-9B85-167D60CB925F} = {FB2FBE5A-DD37-4B6B-A7D8-75D5E187EC65}
		{21F967FA-19AF-42A6-8E34-30D78C6587E7} = {FB2FBE5A-DD37-4B6B-A7D8-75D5E187EC65}
		{37F7CA83-DC82-4D6B-800D-CDCF4C6D6C41} = {FB2FBE5A-DD37-4B6B-A7D8-75D5E187EC65}
		{F4FBE14E-E66B-4033-8CE3-C3D1355D45C9} = {FB2FBE5A-DD37-4B6B-A7D8-75D5E187EC65}
		{905D74B7-96CA-4055-BCF9-B44D5785CD6C} = {6C62405A-8DE9-4A45-968C-5E3D0FB49255}
		{9AA103E7-311E-45A2-8409-BF034FEC4D4D} = {6C62405A-8DE9-4A45-968C-5E3D0FB49255}
		{1A2F1B69-A130-4024-9E71-1A5FCA7F557A} = {6C62405A-8DE9-4A45-968C-5E3D0FB49255}
		{91EE1766-38C9-4471-B40A-92F5736752BB} = {6C62405A-8DE9-4A45-968C-5E3D0FB49255}
		{5097C8ED-5E39-41E9-A027-BCD65F4C20C0} = {37DCE4F4-0BE6-469A-8E93-DA1A539F7599}
	EndGlobalSection
	GlobalSection(ExtensibilityGlobals) = postSolution
		SolutionGuid = {BED4A437-A18A-42CB-9543-CB2EFD4FE45D}
	EndGlobalSection
EndGlobal
